// !$*UTF8*$!
{
	archiveVersion = 1;
	classes = {
	};
	objectVersion = 50;
	objects = {

/* Begin PBXBuildFile section */
		3DB3957C2682769B000EFCAF /* AppDelegate.m in Sources */ = {isa = PBXBuildFile; fileRef = 3DB3957B2682769B000EFCAF /* AppDelegate.m */; };
		3DB3957F2682769B000EFCAF /* SceneDelegate.m in Sources */ = {isa = PBXBuildFile; fileRef = 3DB3957E2682769B000EFCAF /* SceneDelegate.m */; };
		3DB395852682769B000EFCAF /* Main.storyboard in Resources */ = {isa = PBXBuildFile; fileRef = 3DB395832682769B000EFCAF /* Main.storyboard */; };
		3DB395872682769E000EFCAF /* Assets.xcassets in Resources */ = {isa = PBXBuildFile; fileRef = 3DB395862682769E000EFCAF /* Assets.xcassets */; };
		3DB3958A2682769E000EFCAF /* LaunchScreen.storyboard in Resources */ = {isa = PBXBuildFile; fileRef = 3DB395882682769E000EFCAF /* LaunchScreen.storyboard */; };
		3DB3958D2682769E000EFCAF /* main.m in Sources */ = {isa = PBXBuildFile; fileRef = 3DB3958C2682769E000EFCAF /* main.m */; };
		3DB395972682769E000EFCAF /* TipCalcTests.m in Sources */ = {isa = PBXBuildFile; fileRef = 3DB395962682769E000EFCAF /* TipCalcTests.m */; };
		3DB395A22682769E000EFCAF /* TipCalcUITests.m in Sources */ = {isa = PBXBuildFile; fileRef = 3DB395A12682769E000EFCAF /* TipCalcUITests.m */; };
		3DB395B126828301000EFCAF /* TipViewController.m in Sources */ = {isa = PBXBuildFile; fileRef = 3DB395B026828301000EFCAF /* TipViewController.m */; };
/* End PBXBuildFile section */

/* Begin PBXContainerItemProxy section */
		3DB395932682769E000EFCAF /* PBXContainerItemProxy */ = {
			isa = PBXContainerItemProxy;
			containerPortal = 3DB3956F2682769B000EFCAF /* Project object */;
			proxyType = 1;
			remoteGlobalIDString = 3DB395762682769B000EFCAF;
			remoteInfo = TipCalc;
		};
		3DB3959E2682769E000EFCAF /* PBXContainerItemProxy */ = {
			isa = PBXContainerItemProxy;
			containerPortal = 3DB3956F2682769B000EFCAF /* Project object */;
			proxyType = 1;
			remoteGlobalIDString = 3DB395762682769B000EFCAF;
			remoteInfo = TipCalc;
		};
/* End PBXContainerItemProxy section */

/* Begin PBXFileReference section */
		3DB395772682769B000EFCAF /* Gratuity.app */ = {isa = PBXFileReference; explicitFileType = wrapper.application; includeInIndex = 0; path = Gratuity.app; sourceTree = BUILT_PRODUCTS_DIR; };
		3DB3957A2682769B000EFCAF /* AppDelegate.h */ = {isa = PBXFileReference; lastKnownFileType = sourcecode.c.h; path = AppDelegate.h; sourceTree = "<group>"; };
		3DB3957B2682769B000EFCAF /* AppDelegate.m */ = {isa = PBXFileReference; lastKnownFileType = sourcecode.c.objc; path = AppDelegate.m; sourceTree = "<group>"; };
		3DB3957D2682769B000EFCAF /* SceneDelegate.h */ = {isa = PBXFileReference; lastKnownFileType = sourcecode.c.h; path = SceneDelegate.h; sourceTree = "<group>"; };
		3DB3957E2682769B000EFCAF /* SceneDelegate.m */ = {isa = PBXFileReference; lastKnownFileType = sourcecode.c.objc; path = SceneDelegate.m; sourceTree = "<group>"; };
		3DB395842682769B000EFCAF /* Base */ = {isa = PBXFileReference; lastKnownFileType = file.storyboard; name = Base; path = Base.lproj/Main.storyboard; sourceTree = "<group>"; };
		3DB395862682769E000EFCAF /* Assets.xcassets */ = {isa = PBXFileReference; lastKnownFileType = folder.assetcatalog; path = Assets.xcassets; sourceTree = "<group>"; };
		3DB395892682769E000EFCAF /* Base */ = {isa = PBXFileReference; lastKnownFileType = file.storyboard; name = Base; path = Base.lproj/LaunchScreen.storyboard; sourceTree = "<group>"; };
		3DB3958B2682769E000EFCAF /* Info.plist */ = {isa = PBXFileReference; lastKnownFileType = text.plist.xml; path = Info.plist; sourceTree = "<group>"; };
		3DB3958C2682769E000EFCAF /* main.m */ = {isa = PBXFileReference; lastKnownFileType = sourcecode.c.objc; path = main.m; sourceTree = "<group>"; };
		3DB395922682769E000EFCAF /* TipCalcTests.xctest */ = {isa = PBXFileReference; explicitFileType = wrapper.cfbundle; includeInIndex = 0; path = TipCalcTests.xctest; sourceTree = BUILT_PRODUCTS_DIR; };
		3DB395962682769E000EFCAF /* TipCalcTests.m */ = {isa = PBXFileReference; lastKnownFileType = sourcecode.c.objc; path = TipCalcTests.m; sourceTree = "<group>"; };
		3DB395982682769E000EFCAF /* Info.plist */ = {isa = PBXFileReference; lastKnownFileType = text.plist.xml; path = Info.plist; sourceTree = "<group>"; };
		3DB3959D2682769E000EFCAF /* TipCalcUITests.xctest */ = {isa = PBXFileReference; explicitFileType = wrapper.cfbundle; includeInIndex = 0; path = TipCalcUITests.xctest; sourceTree = BUILT_PRODUCTS_DIR; };
		3DB395A12682769E000EFCAF /* TipCalcUITests.m */ = {isa = PBXFileReference; lastKnownFileType = sourcecode.c.objc; path = TipCalcUITests.m; sourceTree = "<group>"; };
		3DB395A32682769E000EFCAF /* Info.plist */ = {isa = PBXFileReference; lastKnownFileType = text.plist.xml; path = Info.plist; sourceTree = "<group>"; };
		3DB395AF26828301000EFCAF /* TipViewController.h */ = {isa = PBXFileReference; lastKnownFileType = sourcecode.c.h; path = TipViewController.h; sourceTree = "<group>"; };
		3DB395B026828301000EFCAF /* TipViewController.m */ = {isa = PBXFileReference; lastKnownFileType = sourcecode.c.objc; path = TipViewController.m; sourceTree = "<group>"; };
/* End PBXFileReference section */

/* Begin PBXFrameworksBuildPhase section */
		3DB395742682769B000EFCAF /* Frameworks */ = {
			isa = PBXFrameworksBuildPhase;
			buildActionMask = 2147483647;
			files = (
			);
			runOnlyForDeploymentPostprocessing = 0;
		};
		3DB3958F2682769E000EFCAF /* Frameworks */ = {
			isa = PBXFrameworksBuildPhase;
			buildActionMask = 2147483647;
			files = (
			);
			runOnlyForDeploymentPostprocessing = 0;
		};
		3DB3959A2682769E000EFCAF /* Frameworks */ = {
			isa = PBXFrameworksBuildPhase;
			buildActionMask = 2147483647;
			files = (
			);
			runOnlyForDeploymentPostprocessing = 0;
		};
/* End PBXFrameworksBuildPhase section */

/* Begin PBXGroup section */
		3DB3956E2682769B000EFCAF = {
			isa = PBXGroup;
			children = (
				3DB395792682769B000EFCAF /* TipCalc */,
				3DB395952682769E000EFCAF /* TipCalcTests */,
				3DB395A02682769E000EFCAF /* TipCalcUITests */,
				3DB395782682769B000EFCAF /* Products */,
			);
			sourceTree = "<group>";
		};
		3DB395782682769B000EFCAF /* Products */ = {
			isa = PBXGroup;
			children = (
				3DB395772682769B000EFCAF /* Gratuity.app */,
				3DB395922682769E000EFCAF /* TipCalcTests.xctest */,
				3DB3959D2682769E000EFCAF /* TipCalcUITests.xctest */,
			);
			name = Products;
			sourceTree = "<group>";
		};
		3DB395792682769B000EFCAF /* TipCalc */ = {
			isa = PBXGroup;
			children = (
				3DB3957A2682769B000EFCAF /* AppDelegate.h */,
				3DB3957B2682769B000EFCAF /* AppDelegate.m */,
				3DB3957D2682769B000EFCAF /* SceneDelegate.h */,
				3DB3957E2682769B000EFCAF /* SceneDelegate.m */,
				3DB395832682769B000EFCAF /* Main.storyboard */,
				3DB395AF26828301000EFCAF /* TipViewController.h */,
				3DB395B026828301000EFCAF /* TipViewController.m */,
				3DB395862682769E000EFCAF /* Assets.xcassets */,
				3DB395882682769E000EFCAF /* LaunchScreen.storyboard */,
				3DB3958B2682769E000EFCAF /* Info.plist */,
				3DB3958C2682769E000EFCAF /* main.m */,
			);
			path = TipCalc;
			sourceTree = "<group>";
		};
		3DB395952682769E000EFCAF /* TipCalcTests */ = {
			isa = PBXGroup;
			children = (
				3DB395962682769E000EFCAF /* TipCalcTests.m */,
				3DB395982682769E000EFCAF /* Info.plist */,
			);
			path = TipCalcTests;
			sourceTree = "<group>";
		};
		3DB395A02682769E000EFCAF /* TipCalcUITests */ = {
			isa = PBXGroup;
			children = (
				3DB395A12682769E000EFCAF /* TipCalcUITests.m */,
				3DB395A32682769E000EFCAF /* Info.plist */,
			);
			path = TipCalcUITests;
			sourceTree = "<group>";
		};
/* End PBXGroup section */

/* Begin PBXNativeTarget section */
		3DB395762682769B000EFCAF /* Gratuity */ = {
			isa = PBXNativeTarget;
			buildConfigurationList = 3DB395A62682769E000EFCAF /* Build configuration list for PBXNativeTarget "Gratuity" */;
			buildPhases = (
				3DB395732682769B000EFCAF /* Sources */,
				3DB395742682769B000EFCAF /* Frameworks */,
				3DB395752682769B000EFCAF /* Resources */,
			);
			buildRules = (
			);
			dependencies = (
			);
			name = Gratuity;
			productName = TipCalc;
			productReference = 3DB395772682769B000EFCAF /* Gratuity.app */;
			productType = "com.apple.product-type.application";
		};
		3DB395912682769E000EFCAF /* TipCalcTests */ = {
			isa = PBXNativeTarget;
			buildConfigurationList = 3DB395A92682769E000EFCAF /* Build configuration list for PBXNativeTarget "TipCalcTests" */;
			buildPhases = (
				3DB3958E2682769E000EFCAF /* Sources */,
				3DB3958F2682769E000EFCAF /* Frameworks */,
				3DB395902682769E000EFCAF /* Resources */,
			);
			buildRules = (
			);
			dependencies = (
				3DB395942682769E000EFCAF /* PBXTargetDependency */,
			);
			name = TipCalcTests;
			productName = TipCalcTests;
			productReference = 3DB395922682769E000EFCAF /* TipCalcTests.xctest */;
			productType = "com.apple.product-type.bundle.unit-test";
		};
		3DB3959C2682769E000EFCAF /* TipCalcUITests */ = {
			isa = PBXNativeTarget;
			buildConfigurationList = 3DB395AC2682769E000EFCAF /* Build configuration list for PBXNativeTarget "TipCalcUITests" */;
			buildPhases = (
				3DB395992682769E000EFCAF /* Sources */,
				3DB3959A2682769E000EFCAF /* Frameworks */,
				3DB3959B2682769E000EFCAF /* Resources */,
			);
			buildRules = (
			);
			dependencies = (
				3DB3959F2682769E000EFCAF /* PBXTargetDependency */,
			);
			name = TipCalcUITests;
			productName = TipCalcUITests;
			productReference = 3DB3959D2682769E000EFCAF /* TipCalcUITests.xctest */;
			productType = "com.apple.product-type.bundle.ui-testing";
		};
/* End PBXNativeTarget section */

/* Begin PBXProject section */
		3DB3956F2682769B000EFCAF /* Project object */ = {
			isa = PBXProject;
			attributes = {
				LastUpgradeCheck = 1250;
				TargetAttributes = {
					3DB395762682769B000EFCAF = {
						CreatedOnToolsVersion = 12.5.1;
					};
					3DB395912682769E000EFCAF = {
						CreatedOnToolsVersion = 12.5.1;
						TestTargetID = 3DB395762682769B000EFCAF;
					};
					3DB3959C2682769E000EFCAF = {
						CreatedOnToolsVersion = 12.5.1;
						TestTargetID = 3DB395762682769B000EFCAF;
					};
				};
			};
			buildConfigurationList = 3DB395722682769B000EFCAF /* Build configuration list for PBXProject "TipCalc" */;
			compatibilityVersion = "Xcode 9.3";
			developmentRegion = en;
			hasScannedForEncodings = 0;
			knownRegions = (
				en,
				Base,
			);
			mainGroup = 3DB3956E2682769B000EFCAF;
			productRefGroup = 3DB395782682769B000EFCAF /* Products */;
			projectDirPath = "";
			projectRoot = "";
			targets = (
				3DB395762682769B000EFCAF /* Gratuity */,
				3DB395912682769E000EFCAF /* TipCalcTests */,
				3DB3959C2682769E000EFCAF /* TipCalcUITests */,
			);
		};
/* End PBXProject section */

/* Begin PBXResourcesBuildPhase section */
		3DB395752682769B000EFCAF /* Resources */ = {
			isa = PBXResourcesBuildPhase;
			buildActionMask = 2147483647;
			files = (
				3DB3958A2682769E000EFCAF /* LaunchScreen.storyboard in Resources */,
				3DB395872682769E000EFCAF /* Assets.xcassets in Resources */,
				3DB395852682769B000EFCAF /* Main.storyboard in Resources */,
			);
			runOnlyForDeploymentPostprocessing = 0;
		};
		3DB395902682769E000EFCAF /* Resources */ = {
			isa = PBXResourcesBuildPhase;
			buildActionMask = 2147483647;
			files = (
			);
			runOnlyForDeploymentPostprocessing = 0;
		};
		3DB3959B2682769E000EFCAF /* Resources */ = {
			isa = PBXResourcesBuildPhase;
			buildActionMask = 2147483647;
			files = (
			);
			runOnlyForDeploymentPostprocessing = 0;
		};
/* End PBXResourcesBuildPhase section */

/* Begin PBXSourcesBuildPhase section */
		3DB395732682769B000EFCAF /* Sources */ = {
			isa = PBXSourcesBuildPhase;
			buildActionMask = 2147483647;
			files = (
				3DB3957C2682769B000EFCAF /* AppDelegate.m in Sources */,
				3DB3958D2682769E000EFCAF /* main.m in Sources */,
				3DB395B126828301000EFCAF /* TipViewController.m in Sources */,
				3DB3957F2682769B000EFCAF /* SceneDelegate.m in Sources */,
			);
			runOnlyForDeploymentPostprocessing = 0;
		};
		3DB3958E2682769E000EFCAF /* Sources */ = {
			isa = PBXSourcesBuildPhase;
			buildActionMask = 2147483647;
			files = (
				3DB395972682769E000EFCAF /* TipCalcTests.m in Sources */,
			);
			runOnlyForDeploymentPostprocessing = 0;
		};
		3DB395992682769E000EFCAF /* Sources */ = {
			isa = PBXSourcesBuildPhase;
			buildActionMask = 2147483647;
			files = (
				3DB395A22682769E000EFCAF /* TipCalcUITests.m in Sources */,
			);
			runOnlyForDeploymentPostprocessing = 0;
		};
/* End PBXSourcesBuildPhase section */

/* Begin PBXTargetDependency section */
		3DB395942682769E000EFCAF /* PBXTargetDependency */ = {
			isa = PBXTargetDependency;
			target = 3DB395762682769B000EFCAF /* Gratuity */;
			targetProxy = 3DB395932682769E000EFCAF /* PBXContainerItemProxy */;
		};
		3DB3959F2682769E000EFCAF /* PBXTargetDependency */ = {
			isa = PBXTargetDependency;
			target = 3DB395762682769B000EFCAF /* Gratuity */;
			targetProxy = 3DB3959E2682769E000EFCAF /* PBXContainerItemProxy */;
		};
/* End PBXTargetDependency section */

/* Begin PBXVariantGroup section */
		3DB395832682769B000EFCAF /* Main.storyboard */ = {
			isa = PBXVariantGroup;
			children = (
				3DB395842682769B000EFCAF /* Base */,
			);
			name = Main.storyboard;
			sourceTree = "<group>";
		};
		3DB395882682769E000EFCAF /* LaunchScreen.storyboard */ = {
			isa = PBXVariantGroup;
			children = (
				3DB395892682769E000EFCAF /* Base */,
			);
			name = LaunchScreen.storyboard;
			sourceTree = "<group>";
		};
/* End PBXVariantGroup section */

/* Begin XCBuildConfiguration section */
		3DB395A42682769E000EFCAF /* Debug */ = {
			isa = XCBuildConfiguration;
			buildSettings = {
				ALWAYS_SEARCH_USER_PATHS = NO;
				CLANG_ANALYZER_NONNULL = YES;
				CLANG_ANALYZER_NUMBER_OBJECT_CONVERSION = YES_AGGRESSIVE;
				CLANG_CXX_LANGUAGE_STANDARD = "gnu++14";
				CLANG_CXX_LIBRARY = "libc++";
				CLANG_ENABLE_MODULES = YES;
				CLANG_ENABLE_OBJC_ARC = YES;
				CLANG_ENABLE_OBJC_WEAK = YES;
				CLANG_WARN_BLOCK_CAPTURE_AUTORELEASING = YES;
				CLANG_WARN_BOOL_CONVERSION = YES;
				CLANG_WARN_COMMA = YES;
				CLANG_WARN_CONSTANT_CONVERSION = YES;
				CLANG_WARN_DEPRECATED_OBJC_IMPLEMENTATIONS = YES;
				CLANG_WARN_DIRECT_OBJC_ISA_USAGE = YES_ERROR;
				CLANG_WARN_DOCUMENTATION_COMMENTS = YES;
				CLANG_WARN_EMPTY_BODY = YES;
				CLANG_WARN_ENUM_CONVERSION = YES;
				CLANG_WARN_INFINITE_RECURSION = YES;
				CLANG_WARN_INT_CONVERSION = YES;
				CLANG_WARN_NON_LITERAL_NULL_CONVERSION = YES;
				CLANG_WARN_OBJC_IMPLICIT_RETAIN_SELF = YES;
				CLANG_WARN_OBJC_LITERAL_CONVERSION = YES;
				CLANG_WARN_OBJC_ROOT_CLASS = YES_ERROR;
				CLANG_WARN_QUOTED_INCLUDE_IN_FRAMEWORK_HEADER = YES;
				CLANG_WARN_RANGE_LOOP_ANALYSIS = YES;
				CLANG_WARN_STRICT_PROTOTYPES = YES;
				CLANG_WARN_SUSPICIOUS_MOVE = YES;
				CLANG_WARN_UNGUARDED_AVAILABILITY = YES_AGGRESSIVE;
				CLANG_WARN_UNREACHABLE_CODE = YES;
				CLANG_WARN__DUPLICATE_METHOD_MATCH = YES;
				COPY_PHASE_STRIP = NO;
				DEBUG_INFORMATION_FORMAT = dwarf;
				ENABLE_STRICT_OBJC_MSGSEND = YES;
				ENABLE_TESTABILITY = YES;
				GCC_C_LANGUAGE_STANDARD = gnu11;
				GCC_DYNAMIC_NO_PIC = NO;
				GCC_NO_COMMON_BLOCKS = YES;
				GCC_OPTIMIZATION_LEVEL = 0;
				GCC_PREPROCESSOR_DEFINITIONS = (
					"DEBUG=1",
					"$(inherited)",
				);
				GCC_WARN_64_TO_32_BIT_CONVERSION = YES;
				GCC_WARN_ABOUT_RETURN_TYPE = YES_ERROR;
				GCC_WARN_UNDECLARED_SELECTOR = YES;
				GCC_WARN_UNINITIALIZED_AUTOS = YES_AGGRESSIVE;
				GCC_WARN_UNUSED_FUNCTION = YES;
				GCC_WARN_UNUSED_VARIABLE = YES;
				IPHONEOS_DEPLOYMENT_TARGET = 14.5;
				MTL_ENABLE_DEBUG_INFO = INCLUDE_SOURCE;
				MTL_FAST_MATH = YES;
				ONLY_ACTIVE_ARCH = YES;
				SDKROOT = iphoneos;
			};
			name = Debug;
		};
		3DB395A52682769E000EFCAF /* Release */ = {
			isa = XCBuildConfiguration;
			buildSettings = {
				ALWAYS_SEARCH_USER_PATHS = NO;
				CLANG_ANALYZER_NONNULL = YES;
				CLANG_ANALYZER_NUMBER_OBJECT_CONVERSION = YES_AGGRESSIVE;
				CLANG_CXX_LANGUAGE_STANDARD = "gnu++14";
				CLANG_CXX_LIBRARY = "libc++";
				CLANG_ENABLE_MODULES = YES;
				CLANG_ENABLE_OBJC_ARC = YES;
				CLANG_ENABLE_OBJC_WEAK = YES;
				CLANG_WARN_BLOCK_CAPTURE_AUTORELEASING = YES;
				CLANG_WARN_BOOL_CONVERSION = YES;
				CLANG_WARN_COMMA = YES;
				CLANG_WARN_CONSTANT_CONVERSION = YES;
				CLANG_WARN_DEPRECATED_OBJC_IMPLEMENTATIONS = YES;
				CLANG_WARN_DIRECT_OBJC_ISA_USAGE = YES_ERROR;
				CLANG_WARN_DOCUMENTATION_COMMENTS = YES;
				CLANG_WARN_EMPTY_BODY = YES;
				CLANG_WARN_ENUM_CONVERSION = YES;
				CLANG_WARN_INFINITE_RECURSION = YES;
				CLANG_WARN_INT_CONVERSION = YES;
				CLANG_WARN_NON_LITERAL_NULL_CONVERSION = YES;
				CLANG_WARN_OBJC_IMPLICIT_RETAIN_SELF = YES;
				CLANG_WARN_OBJC_LITERAL_CONVERSION = YES;
				CLANG_WARN_OBJC_ROOT_CLASS = YES_ERROR;
				CLANG_WARN_QUOTED_INCLUDE_IN_FRAMEWORK_HEADER = YES;
				CLANG_WARN_RANGE_LOOP_ANALYSIS = YES;
				CLANG_WARN_STRICT_PROTOTYPES = YES;
				CLANG_WARN_SUSPICIOUS_MOVE = YES;
				CLANG_WARN_UNGUARDED_AVAILABILITY = YES_AGGRESSIVE;
				CLANG_WARN_UNREACHABLE_CODE = YES;
				CLANG_WARN__DUPLICATE_METHOD_MATCH = YES;
				COPY_PHASE_STRIP = NO;
				DEBUG_INFORMATION_FORMAT = "dwarf-with-dsym";
				ENABLE_NS_ASSERTIONS = NO;
				ENABLE_STRICT_OBJC_MSGSEND = YES;
				GCC_C_LANGUAGE_STANDARD = gnu11;
				GCC_NO_COMMON_BLOCKS = YES;
				GCC_WARN_64_TO_32_BIT_CONVERSION = YES;
				GCC_WARN_ABOUT_RETURN_TYPE = YES_ERROR;
				GCC_WARN_UNDECLARED_SELECTOR = YES;
				GCC_WARN_UNINITIALIZED_AUTOS = YES_AGGRESSIVE;
				GCC_WARN_UNUSED_FUNCTION = YES;
				GCC_WARN_UNUSED_VARIABLE = YES;
				IPHONEOS_DEPLOYMENT_TARGET = 14.5;
				MTL_ENABLE_DEBUG_INFO = NO;
				MTL_FAST_MATH = YES;
				SDKROOT = iphoneos;
				VALIDATE_PRODUCT = YES;
			};
			name = Release;
		};
		3DB395A72682769E000EFCAF /* Debug */ = {
			isa = XCBuildConfiguration;
			buildSettings = {
				ASSETCATALOG_COMPILER_APPICON_NAME = AppIcon;
				ASSETCATALOG_COMPILER_GLOBAL_ACCENT_COLOR_NAME = AccentColor;
				CODE_SIGN_STYLE = Automatic;
				DEVELOPMENT_TEAM = RYNY4CYWCT;
				INFOPLIST_FILE = TipCalc/Info.plist;
				LD_RUNPATH_SEARCH_PATHS = (
					"$(inherited)",
					"@executable_path/Frameworks",
				);
				PRODUCT_BUNDLE_IDENTIFIER = com.kobe.petrus07.TipCalc;
				PRODUCT_NAME = "$(TARGET_NAME)";
				TARGETED_DEVICE_FAMILY = "1,2";
			};
			name = Debug;
		};
		3DB395A82682769E000EFCAF /* Release */ = {
			isa = XCBuildConfiguration;
			buildSettings = {
				ASSETCATALOG_COMPILER_APPICON_NAME = AppIcon;
				ASSETCATALOG_COMPILER_GLOBAL_ACCENT_COLOR_NAME = AccentColor;
				CODE_SIGN_STYLE = Automatic;
				DEVELOPMENT_TEAM = RYNY4CYWCT;
				INFOPLIST_FILE = TipCalc/Info.plist;
				LD_RUNPATH_SEARCH_PATHS = (
					"$(inherited)",
					"@executable_path/Frameworks",
				);
				PRODUCT_BUNDLE_IDENTIFIER = com.kobe.petrus07.TipCalc;
				PRODUCT_NAME = "$(TARGET_NAME)";
				TARGETED_DEVICE_FAMILY = "1,2";
			};
			name = Release;
		};
		3DB395AA2682769E000EFCAF /* Debug */ = {
			isa = XCBuildConfiguration;
			buildSettings = {
				BUNDLE_LOADER = "$(TEST_HOST)";
				CODE_SIGN_STYLE = Automatic;
				DEVELOPMENT_TEAM = RYNY4CYWCT;
				INFOPLIST_FILE = TipCalcTests/Info.plist;
				IPHONEOS_DEPLOYMENT_TARGET = 14.5;
				LD_RUNPATH_SEARCH_PATHS = (
					"$(inherited)",
					"@executable_path/Frameworks",
					"@loader_path/Frameworks",
				);
				PRODUCT_BUNDLE_IDENTIFIER = com.kobe.petrus07.TipCalcTests;
				PRODUCT_NAME = "$(TARGET_NAME)";
				TARGETED_DEVICE_FAMILY = "1,2";
				TEST_HOST = "$(BUILT_PRODUCTS_DIR)/TipCalc.app/TipCalc";
			};
			name = Debug;
		};
		3DB395AB2682769E000EFCAF /* Release */ = {
			isa = XCBuildConfiguration;
			buildSettings = {
				BUNDLE_LOADER = "$(TEST_HOST)";
				CODE_SIGN_STYLE = Automatic;
				DEVELOPMENT_TEAM = RYNY4CYWCT;
				INFOPLIST_FILE = TipCalcTests/Info.plist;
				IPHONEOS_DEPLOYMENT_TARGET = 14.5;
				LD_RUNPATH_SEARCH_PATHS = (
					"$(inherited)",
					"@executable_path/Frameworks",
					"@loader_path/Frameworks",
				);
				PRODUCT_BUNDLE_IDENTIFIER = com.kobe.petrus07.TipCalcTests;
				PRODUCT_NAME = "$(TARGET_NAME)";
				TARGETED_DEVICE_FAMILY = "1,2";
				TEST_HOST = "$(BUILT_PRODUCTS_DIR)/TipCalc.app/TipCalc";
			};
			name = Release;
		};
		3DB395AD2682769E000EFCAF /* Debug */ = {
			isa = XCBuildConfiguration;
			buildSettings = {
				CODE_SIGN_STYLE = Automatic;
				DEVELOPMENT_TEAM = RYNY4CYWCT;
				INFOPLIST_FILE = TipCalcUITests/Info.plist;
				LD_RUNPATH_SEARCH_PATHS = (
					"$(inherited)",
					"@executable_path/Frameworks",
					"@loader_path/Frameworks",
				);
				PRODUCT_BUNDLE_IDENTIFIER = com.kobe.petrus07.TipCalcUITests;
				PRODUCT_NAME = "$(TARGET_NAME)";
				TARGETED_DEVICE_FAMILY = "1,2";
				TEST_TARGET_NAME = TipCalc;
			};
			name = Debug;
		};
		3DB395AE2682769E000EFCAF /* Release */ = {
			isa = XCBuildConfiguration;
			buildSettings = {
				CODE_SIGN_STYLE = Automatic;
				DEVELOPMENT_TEAM = RYNY4CYWCT;
				INFOPLIST_FILE = TipCalcUITests/Info.plist;
				LD_RUNPATH_SEARCH_PATHS = (
					"$(inherited)",
					"@executable_path/Frameworks",
					"@loader_path/Frameworks",
				);
				PRODUCT_BUNDLE_IDENTIFIER = com.kobe.petrus07.TipCalcUITests;
				PRODUCT_NAME = "$(TARGET_NAME)";
				TARGETED_DEVICE_FAMILY = "1,2";
				TEST_TARGET_NAME = TipCalc;
			};
			name = Release;
		};
/* End XCBuildConfiguration section */

/* Begin XCConfigurationList section */
		3DB395722682769B000EFCAF /* Build configuration list for PBXProject "TipCalc" */ = {
			isa = XCConfigurationList;
			buildConfigurations = (
				3DB395A42682769E000EFCAF /* Debug */,
				3DB395A52682769E000EFCAF /* Release */,
			);
			defaultConfigurationIsVisible = 0;
			defaultConfigurationName = Release;
		};
		3DB395A62682769E000EFCAF /* Build configuration list for PBXNativeTarget "Gratuity" */ = {
			isa = XCConfigurationList;
			buildConfigurations = (
				3DB395A72682769E000EFCAF /* Debug */,
				3DB395A82682769E000EFCAF /* Release */,
			);
			defaultConfigurationIsVisible = 0;
			defaultConfigurationName = Release;
		};
		3DB395A92682769E000EFCAF /* Build configuration list for PBXNativeTarget "TipCalcTests" */ = {
			isa = XCConfigurationList;
			buildConfigurations = (
				3DB395AA2682769E000EFCAF /* Debug */,
				3DB395AB2682769E000EFCAF /* Release */,
			);
			defaultConfigurationIsVisible = 0;
			defaultConfigurationName = Release;
		};
		3DB395AC2682769E000EFCAF /* Build configuration list for PBXNativeTarget "TipCalcUITests" */ = {
			isa = XCConfigurationList;
			buildConfigurations = (
				3DB395AD2682769E000EFCAF /* Debug */,
				3DB395AE2682769E000EFCAF /* Release */,
			);
			defaultConfigurationIsVisible = 0;
			defaultConfigurationName = Release;
		};
/* End XCConfigurationList section */
	};
	rootObject = 3DB3956F2682769B000EFCAF /* Project object */;
}
